// !$*UTF8*$!
{
	archiveVersion = 1;
	classes = {
	};
	objectVersion = 56;
	objects = {

/* Begin PBXBuildFile section */
		09AA8B642A842A2C008AD021 /* CollectionViewTableViewCell.swift in Sources */ = {isa = PBXBuildFile; fileRef = 09AA8B632A842A2C008AD021 /* CollectionViewTableViewCell.swift */; };
		09B19C5B2A82E58C00E5BECD /* AppDelegate.swift in Sources */ = {isa = PBXBuildFile; fileRef = 09B19C5A2A82E58C00E5BECD /* AppDelegate.swift */; };
		09B19C5D2A82E58C00E5BECD /* SceneDelegate.swift in Sources */ = {isa = PBXBuildFile; fileRef = 09B19C5C2A82E58C00E5BECD /* SceneDelegate.swift */; };
		09B19C5F2A82E58C00E5BECD /* MainTabBarViewController.swift in Sources */ = {isa = PBXBuildFile; fileRef = 09B19C5E2A82E58C00E5BECD /* MainTabBarViewController.swift */; };
		09B19C642A82E58C00E5BECD /* Assets.xcassets in Resources */ = {isa = PBXBuildFile; fileRef = 09B19C632A82E58C00E5BECD /* Assets.xcassets */; };
		09B19C672A82E58C00E5BECD /* LaunchScreen.storyboard in Resources */ = {isa = PBXBuildFile; fileRef = 09B19C652A82E58C00E5BECD /* LaunchScreen.storyboard */; };
		09B19C702A82E8EE00E5BECD /* HomeViewContoller.swift in Sources */ = {isa = PBXBuildFile; fileRef = 09B19C6F2A82E8EE00E5BECD /* HomeViewContoller.swift */; };
		09B19C722A82E92C00E5BECD /* UpcomingViewController.swift in Sources */ = {isa = PBXBuildFile; fileRef = 09B19C712A82E92C00E5BECD /* UpcomingViewController.swift */; };
		09B19C742A82E95700E5BECD /* SearchViewController.swift in Sources */ = {isa = PBXBuildFile; fileRef = 09B19C732A82E95700E5BECD /* SearchViewController.swift */; };
		09B19C762A82E98A00E5BECD /* DownloadsViewController.swift in Sources */ = {isa = PBXBuildFile; fileRef = 09B19C752A82E98A00E5BECD /* DownloadsViewController.swift */; };
		09E64E7B2A857BDE00B1C5E4 /* HeroHeaderUIView.swift in Sources */ = {isa = PBXBuildFile; fileRef = 09E64E7A2A857BDE00B1C5E4 /* HeroHeaderUIView.swift */; };
/* End PBXBuildFile section */

/* Begin PBXFileReference section */
		09AA8B632A842A2C008AD021 /* CollectionViewTableViewCell.swift */ = {isa = PBXFileReference; lastKnownFileType = sourcecode.swift; path = CollectionViewTableViewCell.swift; sourceTree = "<group>"; };
		09B19C572A82E58C00E5BECD /* Netflix Clone.app */ = {isa = PBXFileReference; explicitFileType = wrapper.application; includeInIndex = 0; path = "Netflix Clone.app"; sourceTree = BUILT_PRODUCTS_DIR; };
		09B19C5A2A82E58C00E5BECD /* AppDelegate.swift */ = {isa = PBXFileReference; lastKnownFileType = sourcecode.swift; path = AppDelegate.swift; sourceTree = "<group>"; };
		09B19C5C2A82E58C00E5BECD /* SceneDelegate.swift */ = {isa = PBXFileReference; lastKnownFileType = sourcecode.swift; path = SceneDelegate.swift; sourceTree = "<group>"; };
		09B19C5E2A82E58C00E5BECD /* MainTabBarViewController.swift */ = {isa = PBXFileReference; lastKnownFileType = sourcecode.swift; path = MainTabBarViewController.swift; sourceTree = "<group>"; };
		09B19C632A82E58C00E5BECD /* Assets.xcassets */ = {isa = PBXFileReference; lastKnownFileType = folder.assetcatalog; path = Assets.xcassets; sourceTree = "<group>"; };
		09B19C662A82E58C00E5BECD /* Base */ = {isa = PBXFileReference; lastKnownFileType = file.storyboard; name = Base; path = Base.lproj/LaunchScreen.storyboard; sourceTree = "<group>"; };
		09B19C682A82E58C00E5BECD /* Info.plist */ = {isa = PBXFileReference; lastKnownFileType = text.plist.xml; path = Info.plist; sourceTree = "<group>"; };
		09B19C6F2A82E8EE00E5BECD /* HomeViewContoller.swift */ = {isa = PBXFileReference; lastKnownFileType = sourcecode.swift; path = HomeViewContoller.swift; sourceTree = "<group>"; };
		09B19C712A82E92C00E5BECD /* UpcomingViewController.swift */ = {isa = PBXFileReference; lastKnownFileType = sourcecode.swift; path = UpcomingViewController.swift; sourceTree = "<group>"; };
		09B19C732A82E95700E5BECD /* SearchViewController.swift */ = {isa = PBXFileReference; lastKnownFileType = sourcecode.swift; path = SearchViewController.swift; sourceTree = "<group>"; };
		09B19C752A82E98A00E5BECD /* DownloadsViewController.swift */ = {isa = PBXFileReference; lastKnownFileType = sourcecode.swift; path = DownloadsViewController.swift; sourceTree = "<group>"; };
		09E64E7A2A857BDE00B1C5E4 /* HeroHeaderUIView.swift */ = {isa = PBXFileReference; lastKnownFileType = sourcecode.swift; path = HeroHeaderUIView.swift; sourceTree = "<group>"; };
/* End PBXFileReference section */

/* Begin PBXFrameworksBuildPhase section */
		09B19C542A82E58C00E5BECD /* Frameworks */ = {
			isa = PBXFrameworksBuildPhase;
			buildActionMask = 2147483647;
			files = (
			);
			runOnlyForDeploymentPostprocessing = 0;
		};
/* End PBXFrameworksBuildPhase section */

/* Begin PBXGroup section */
		09AA8B5E2A842964008AD021 /* Views */ = {
			isa = PBXGroup;
			children = (
				09AA8B632A842A2C008AD021 /* CollectionViewTableViewCell.swift */,
				09E64E7A2A857BDE00B1C5E4 /* HeroHeaderUIView.swift */,
			);
			path = Views;
			sourceTree = "<group>";
		};
		09AA8B5F2A842970008AD021 /* ViewModels */ = {
			isa = PBXGroup;
			children = (
			);
			path = ViewModels;
			sourceTree = "<group>";
		};
		09AA8B602A842981008AD021 /* Models */ = {
			isa = PBXGroup;
			children = (
			);
			path = Models;
			sourceTree = "<group>";
		};
		09AA8B612A8429AF008AD021 /* Ressources */ = {
			isa = PBXGroup;
			children = (
			);
			path = Ressources;
			sourceTree = "<group>";
		};
		09AA8B622A8429BF008AD021 /* Managers */ = {
			isa = PBXGroup;
			children = (
			);
			path = Managers;
			sourceTree = "<group>";
		};
		09B19C4E2A82E58C00E5BECD = {
			isa = PBXGroup;
			children = (
				09B19C592A82E58C00E5BECD /* Netflix Clone */,
				09B19C582A82E58C00E5BECD /* Products */,
			);
			sourceTree = "<group>";
		};
		09B19C582A82E58C00E5BECD /* Products */ = {
			isa = PBXGroup;
			children = (
				09B19C572A82E58C00E5BECD /* Netflix Clone.app */,
			);
			name = Products;
			sourceTree = "<group>";
		};
		09B19C592A82E58C00E5BECD /* Netflix Clone */ = {
			isa = PBXGroup;
			children = (
				09AA8B622A8429BF008AD021 /* Managers */,
				09AA8B612A8429AF008AD021 /* Ressources */,
				09AA8B602A842981008AD021 /* Models */,
				09AA8B5F2A842970008AD021 /* ViewModels */,
				09AA8B5E2A842964008AD021 /* Views */,
				09B19C6E2A82E8B900E5BECD /* Controllers */,
				09B19C5A2A82E58C00E5BECD /* AppDelegate.swift */,
				09B19C5C2A82E58C00E5BECD /* SceneDelegate.swift */,
				09B19C5E2A82E58C00E5BECD /* MainTabBarViewController.swift */,
				09B19C632A82E58C00E5BECD /* Assets.xcassets */,
				09B19C652A82E58C00E5BECD /* LaunchScreen.storyboard */,
				09B19C682A82E58C00E5BECD /* Info.plist */,
			);
			path = "Netflix Clone";
			sourceTree = "<group>";
		};
		09B19C6E2A82E8B900E5BECD /* Controllers */ = {
			isa = PBXGroup;
			children = (
				09B19C6F2A82E8EE00E5BECD /* HomeViewContoller.swift */,
				09B19C712A82E92C00E5BECD /* UpcomingViewController.swift */,
				09B19C732A82E95700E5BECD /* SearchViewController.swift */,
				09B19C752A82E98A00E5BECD /* DownloadsViewController.swift */,
			);
			path = Controllers;
			sourceTree = "<group>";
		};
/* End PBXGroup section */

/* Begin PBXNativeTarget section */
		09B19C562A82E58C00E5BECD /* Netflix Clone */ = {
			isa = PBXNativeTarget;
			buildConfigurationList = 09B19C6B2A82E58C00E5BECD /* Build configuration list for PBXNativeTarget "Netflix Clone" */;
			buildPhases = (
				09B19C532A82E58C00E5BECD /* Sources */,
				09B19C542A82E58C00E5BECD /* Frameworks */,
				09B19C552A82E58C00E5BECD /* Resources */,
			);
			buildRules = (
			);
			dependencies = (
			);
			name = "Netflix Clone";
			productName = "Netflix Clone";
			productReference = 09B19C572A82E58C00E5BECD /* Netflix Clone.app */;
			productType = "com.apple.product-type.application";
		};
/* End PBXNativeTarget section */

/* Begin PBXProject section */
		09B19C4F2A82E58C00E5BECD /* Project object */ = {
			isa = PBXProject;
			attributes = {
				BuildIndependentTargetsInParallel = 1;
				LastSwiftUpdateCheck = 1430;
				LastUpgradeCheck = 1430;
				TargetAttributes = {
					09B19C562A82E58C00E5BECD = {
						CreatedOnToolsVersion = 14.3.1;
					};
				};
			};
			buildConfigurationList = 09B19C522A82E58C00E5BECD /* Build configuration list for PBXProject "Netflix Clone" */;
			compatibilityVersion = "Xcode 14.0";
			developmentRegion = en;
			hasScannedForEncodings = 0;
			knownRegions = (
				en,
				Base,
			);
			mainGroup = 09B19C4E2A82E58C00E5BECD;
			productRefGroup = 09B19C582A82E58C00E5BECD /* Products */;
			projectDirPath = "";
			projectRoot = "";
			targets = (
				09B19C562A82E58C00E5BECD /* Netflix Clone */,
			);
		};
/* End PBXProject section */

/* Begin PBXResourcesBuildPhase section */
		09B19C552A82E58C00E5BECD /* Resources */ = {
			isa = PBXResourcesBuildPhase;
			buildActionMask = 2147483647;
			files = (
				09B19C672A82E58C00E5BECD /* LaunchScreen.storyboard in Resources */,
				09B19C642A82E58C00E5BECD /* Assets.xcassets in Resources */,
			);
			runOnlyForDeploymentPostprocessing = 0;
		};
/* End PBXResourcesBuildPhase section */

/* Begin PBXSourcesBuildPhase section */
		09B19C532A82E58C00E5BECD /* Sources */ = {
			isa = PBXSourcesBuildPhase;
			buildActionMask = 2147483647;
			files = (
				09B19C742A82E95700E5BECD /* SearchViewController.swift in Sources */,
				09B19C702A82E8EE00E5BECD /* HomeViewContoller.swift in Sources */,
				09AA8B642A842A2C008AD021 /* CollectionViewTableViewCell.swift in Sources */,
				09E64E7B2A857BDE00B1C5E4 /* HeroHeaderUIView.swift in Sources */,
				09B19C762A82E98A00E5BECD /* DownloadsViewController.swift in Sources */,
				09B19C5F2A82E58C00E5BECD /* MainTabBarViewController.swift in Sources */,
				09B19C5B2A82E58C00E5BECD /* AppDelegate.swift in Sources */,
				09B19C722A82E92C00E5BECD /* UpcomingViewController.swift in Sources */,
				09B19C5D2A82E58C00E5BECD /* SceneDelegate.swift in Sources */,
			);
			runOnlyForDeploymentPostprocessing = 0;
		};
/* End PBXSourcesBuildPhase section */

/* Begin PBXVariantGroup section */
		09B19C652A82E58C00E5BECD /* LaunchScreen.storyboard */ = {
			isa = PBXVariantGroup;
			children = (
				09B19C662A82E58C00E5BECD /* Base */,
			);
			name = LaunchScreen.storyboard;
			sourceTree = "<group>";
		};
/* End PBXVariantGroup section */

/* Begin XCBuildConfiguration section */
		09B19C692A82E58C00E5BECD /* Debug */ = {
			isa = XCBuildConfiguration;
			buildSettings = {
				ALWAYS_SEARCH_USER_PATHS = NO;
				CLANG_ANALYZER_NONNULL = YES;
				CLANG_ANALYZER_NUMBER_OBJECT_CONVERSION = YES_AGGRESSIVE;
				CLANG_CXX_LANGUAGE_STANDARD = "gnu++20";
				CLANG_ENABLE_MODULES = YES;
				CLANG_ENABLE_OBJC_ARC = YES;
				CLANG_ENABLE_OBJC_WEAK = YES;
				CLANG_WARN_BLOCK_CAPTURE_AUTORELEASING = YES;
				CLANG_WARN_BOOL_CONVERSION = YES;
				CLANG_WARN_COMMA = YES;
				CLANG_WARN_CONSTANT_CONVERSION = YES;
				CLANG_WARN_DEPRECATED_OBJC_IMPLEMENTATIONS = YES;
				CLANG_WARN_DIRECT_OBJC_ISA_USAGE = YES_ERROR;
				CLANG_WARN_DOCUMENTATION_COMMENTS = YES;
				CLANG_WARN_EMPTY_BODY = YES;
				CLANG_WARN_ENUM_CONVERSION = YES;
				CLANG_WARN_INFINITE_RECURSION = YES;
				CLANG_WARN_INT_CONVERSION = YES;
				CLANG_WARN_NON_LITERAL_NULL_CONVERSION = YES;
				CLANG_WARN_OBJC_IMPLICIT_RETAIN_SELF = YES;
				CLANG_WARN_OBJC_LITERAL_CONVERSION = YES;
				CLANG_WARN_OBJC_ROOT_CLASS = YES_ERROR;
				CLANG_WARN_QUOTED_INCLUDE_IN_FRAMEWORK_HEADER = YES;
				CLANG_WARN_RANGE_LOOP_ANALYSIS = YES;
				CLANG_WARN_STRICT_PROTOTYPES = YES;
				CLANG_WARN_SUSPICIOUS_MOVE = YES;
				CLANG_WARN_UNGUARDED_AVAILABILITY = YES_AGGRESSIVE;
				CLANG_WARN_UNREACHABLE_CODE = YES;
				CLANG_WARN__DUPLICATE_METHOD_MATCH = YES;
				COPY_PHASE_STRIP = NO;
				DEBUG_INFORMATION_FORMAT = dwarf;
				ENABLE_STRICT_OBJC_MSGSEND = YES;
				ENABLE_TESTABILITY = YES;
				GCC_C_LANGUAGE_STANDARD = gnu11;
				GCC_DYNAMIC_NO_PIC = NO;
				GCC_NO_COMMON_BLOCKS = YES;
				GCC_OPTIMIZATION_LEVEL = 0;
				GCC_PREPROCESSOR_DEFINITIONS = (
					"DEBUG=1",
					"$(inherited)",
				);
				GCC_WARN_64_TO_32_BIT_CONVERSION = YES;
				GCC_WARN_ABOUT_RETURN_TYPE = YES_ERROR;
				GCC_WARN_UNDECLARED_SELECTOR = YES;
				GCC_WARN_UNINITIALIZED_AUTOS = YES_AGGRESSIVE;
				GCC_WARN_UNUSED_FUNCTION = YES;
				GCC_WARN_UNUSED_VARIABLE = YES;
				IPHONEOS_DEPLOYMENT_TARGET = 16.4;
				MTL_ENABLE_DEBUG_INFO = INCLUDE_SOURCE;
				MTL_FAST_MATH = YES;
				ONLY_ACTIVE_ARCH = YES;
				SDKROOT = iphoneos;
				SWIFT_ACTIVE_COMPILATION_CONDITIONS = DEBUG;
				SWIFT_OPTIMIZATION_LEVEL = "-Onone";
			};
			name = Debug;
		};
		09B19C6A2A82E58C00E5BECD /* Release */ = {
			isa = XCBuildConfiguration;
			buildSettings = {
				ALWAYS_SEARCH_USER_PATHS = NO;
				CLANG_ANALYZER_NONNULL = YES;
				CLANG_ANALYZER_NUMBER_OBJECT_CONVERSION = YES_AGGRESSIVE;
				CLANG_CXX_LANGUAGE_STANDARD = "gnu++20";
				CLANG_ENABLE_MODULES = YES;
				CLANG_ENABLE_OBJC_ARC = YES;
				CLANG_ENABLE_OBJC_WEAK = YES;
				CLANG_WARN_BLOCK_CAPTURE_AUTORELEASING = YES;
				CLANG_WARN_BOOL_CONVERSION = YES;
				CLANG_WARN_COMMA = YES;
				CLANG_WARN_CONSTANT_CONVERSION = YES;
				CLANG_WARN_DEPRECATED_OBJC_IMPLEMENTATIONS = YES;
				CLANG_WARN_DIRECT_OBJC_ISA_USAGE = YES_ERROR;
				CLANG_WARN_DOCUMENTATION_COMMENTS = YES;
				CLANG_WARN_EMPTY_BODY = YES;
				CLANG_WARN_ENUM_CONVERSION = YES;
				CLANG_WARN_INFINITE_RECURSION = YES;
				CLANG_WARN_INT_CONVERSION = YES;
				CLANG_WARN_NON_LITERAL_NULL_CONVERSION = YES;
				CLANG_WARN_OBJC_IMPLICIT_RETAIN_SELF = YES;
				CLANG_WARN_OBJC_LITERAL_CONVERSION = YES;
				CLANG_WARN_OBJC_ROOT_CLASS = YES_ERROR;
				CLANG_WARN_QUOTED_INCLUDE_IN_FRAMEWORK_HEADER = YES;
				CLANG_WARN_RANGE_LOOP_ANALYSIS = YES;
				CLANG_WARN_STRICT_PROTOTYPES = YES;
				CLANG_WARN_SUSPICIOUS_MOVE = YES;
				CLANG_WARN_UNGUARDED_AVAILABILITY = YES_AGGRESSIVE;
				CLANG_WARN_UNREACHABLE_CODE = YES;
				CLANG_WARN__DUPLICATE_METHOD_MATCH = YES;
				COPY_PHASE_STRIP = NO;
				DEBUG_INFORMATION_FORMAT = "dwarf-with-dsym";
				ENABLE_NS_ASSERTIONS = NO;
				ENABLE_STRICT_OBJC_MSGSEND = YES;
				GCC_C_LANGUAGE_STANDARD = gnu11;
				GCC_NO_COMMON_BLOCKS = YES;
				GCC_WARN_64_TO_32_BIT_CONVERSION = YES;
				GCC_WARN_ABOUT_RETURN_TYPE = YES_ERROR;
				GCC_WARN_UNDECLARED_SELECTOR = YES;
				GCC_WARN_UNINITIALIZED_AUTOS = YES_AGGRESSIVE;
				GCC_WARN_UNUSED_FUNCTION = YES;
				GCC_WARN_UNUSED_VARIABLE = YES;
				IPHONEOS_DEPLOYMENT_TARGET = 16.4;
				MTL_ENABLE_DEBUG_INFO = NO;
				MTL_FAST_MATH = YES;
				SDKROOT = iphoneos;
				SWIFT_COMPILATION_MODE = wholemodule;
				SWIFT_OPTIMIZATION_LEVEL = "-O";
				VALIDATE_PRODUCT = YES;
			};
			name = Release;
		};
		09B19C6C2A82E58C00E5BECD /* Debug */ = {
			isa = XCBuildConfiguration;
			buildSettings = {
				ASSETCATALOG_COMPILER_APPICON_NAME = AppIcon;
				ASSETCATALOG_COMPILER_GLOBAL_ACCENT_COLOR_NAME = AccentColor;
				CODE_SIGN_STYLE = Automatic;
				CURRENT_PROJECT_VERSION = 1;
				DEVELOPMENT_TEAM = UR3737DHMM;
				GENERATE_INFOPLIST_FILE = YES;
				INFOPLIST_FILE = "Netflix Clone/Info.plist";
				INFOPLIST_KEY_UIApplicationSupportsIndirectInputEvents = YES;
				INFOPLIST_KEY_UILaunchStoryboardName = LaunchScreen;
				INFOPLIST_KEY_UISupportedInterfaceOrientations_iPad = "UIInterfaceOrientationPortrait UIInterfaceOrientationPortraitUpsideDown UIInterfaceOrientationLandscapeLeft UIInterfaceOrientationLandscapeRight";
				INFOPLIST_KEY_UISupportedInterfaceOrientations_iPhone = "UIInterfaceOrientationPortrait UIInterfaceOrientationLandscapeLeft UIInterfaceOrientationLandscapeRight";
				LD_RUNPATH_SEARCH_PATHS = (
					"$(inherited)",
					"@executable_path/Frameworks",
				);
				MARKETING_VERSION = 1.0;
				PRODUCT_BUNDLE_IDENTIFIER = "arti.Netflix-Clone";
				PRODUCT_NAME = "$(TARGET_NAME)";
				SWIFT_EMIT_LOC_STRINGS = YES;
				SWIFT_VERSION = 5.0;
				TARGETED_DEVICE_FAMILY = "1,2";
			};
			name = Debug;
		};
		09B19C6D2A82E58C00E5BECD /* Release */ = {
			isa = XCBuildConfiguration;
			buildSettings = {
				ASSETCATALOG_COMPILER_APPICON_NAME = AppIcon;
				ASSETCATALOG_COMPILER_GLOBAL_ACCENT_COLOR_NAME = AccentColor;
				CODE_SIGN_STYLE = Automatic;
				CURRENT_PROJECT_VERSION = 1;
				DEVELOPMENT_TEAM = UR3737DHMM;
				GENERATE_INFOPLIST_FILE = YES;
				INFOPLIST_FILE = "Netflix Clone/Info.plist";
				INFOPLIST_KEY_UIApplicationSupportsIndirectInputEvents = YES;
				INFOPLIST_KEY_UILaunchStoryboardName = LaunchScreen;
				INFOPLIST_KEY_UISupportedInterfaceOrientations_iPad = "UIInterfaceOrientationPortrait UIInterfaceOrientationPortraitUpsideDown UIInterfaceOrientationLandscapeLeft UIInterfaceOrientationLandscapeRight";
				INFOPLIST_KEY_UISupportedInterfaceOrientations_iPhone = "UIInterfaceOrientationPortrait UIInterfaceOrientationLandscapeLeft UIInterfaceOrientationLandscapeRight";
				LD_RUNPATH_SEARCH_PATHS = (
					"$(inherited)",
					"@executable_path/Frameworks",
				);
				MARKETING_VERSION = 1.0;
				PRODUCT_BUNDLE_IDENTIFIER = "arti.Netflix-Clone";
				PRODUCT_NAME = "$(TARGET_NAME)";
				SWIFT_EMIT_LOC_STRINGS = YES;
				SWIFT_VERSION = 5.0;
				TARGETED_DEVICE_FAMILY = "1,2";
			};
			name = Release;
		};
/* End XCBuildConfiguration section */

/* Begin XCConfigurationList section */
		09B19C522A82E58C00E5BECD /* Build configuration list for PBXProject "Netflix Clone" */ = {
			isa = XCConfigurationList;
			buildConfigurations = (
				09B19C692A82E58C00E5BECD /* Debug */,
				09B19C6A2A82E58C00E5BECD /* Release */,
			);
			defaultConfigurationIsVisible = 0;
			defaultConfigurationName = Release;
		};
		09B19C6B2A82E58C00E5BECD /* Build configuration list for PBXNativeTarget "Netflix Clone" */ = {
			isa = XCConfigurationList;
			buildConfigurations = (
				09B19C6C2A82E58C00E5BECD /* Debug */,
				09B19C6D2A82E58C00E5BECD /* Release */,
			);
			defaultConfigurationIsVisible = 0;
			defaultConfigurationName = Release;
		};
/* End XCConfigurationList section */
	};
	rootObject = 09B19C4F2A82E58C00E5BECD /* Project object */;
}
